{
  "lockfile-version": 1,
  "manifest": {
    "version": 1,
    "install": {
      "go": {
        "pkg-path": "go"
      },
      "gum": {
        "pkg-path": "gum"
      },
      "iana-etc": {
        "pkg-path": "iana-etc"
      },
      "mailcap": {
        "pkg-path": "mailcap"
      },
      "redis": {
        "pkg-path": "redis"
      },
      "tzdata": {
        "pkg-path": "tzdata"
      }
    },
    "vars": {
      "REDISBIND": "127.0.0.1",
      "REDISPORT": "16379"
    },
    "hook": {
      "on-activate": "\n# XXX: https://github.com/flox/flox/issues/1341\nunset LD_AUDIT\n\nexport REDISHOME=\"$FLOX_ENV_CACHE/redis\"\nexport REDISDATA=\"$REDISHOME/data\"\nexport REDISCONFIG=\"$REDISHOME/redis.conf\"\n\nif [ ! -d \"$REDISDATA\" ]; then\n  mkdir -p \"$REDISDATA\"\nfi\n\ncat >$REDISCONFIG <<EOF\nbind $REDISBIND\nport $REDISPORT\nEOF\n\n"
    },
    "profile": {
      "common": "echo \"\"\necho \"     ╔═════════════════════════════════════╗\"\necho \"     ║                                     ║\"\necho \"     ║  Start Redis in the background:     ║\"\necho \"     ║  👉 flox services start             ║\"\necho \"     ║  👉 flox activate --start-services  ║\"\necho \"     ║                                     ║\"\necho \"     ║  Try to connect to Redis:           ║\"\necho \"     ║  👉redis-cli -p \\$REDISPORT ping     ║\"\necho \"     ║                                     ║\"\necho \"     ╚═════════════════════════════════════╝\"\necho \"\"\n"
    },
    "options": {
      "systems": [
        "aarch64-darwin",
        "aarch64-linux",
        "x86_64-darwin",
        "x86_64-linux"
      ]
    },
    "services": {
      "quotes-app-go": {
        "command": "go run main.go"
      },
      "redis": {
        "command": "redis-server \"$REDISCONFIG\" \\\n  --daemonize no \\\n  --dir \"$REDISDATA\"\n"
      }
    }
  },
  "packages": [
    {
      "attr_path": "go",
      "broken": false,
      "derivation": "/nix/store/c6h9pn9a4mwgz63qdiw70ac6fv7341v9-go-1.24.3.drv",
      "description": "Go Programming language",
      "install_id": "go",
      "license": "BSD-3-Clause",
      "locked_url": "https://github.com/flox/nixpkgs?rev=9e83b64f727c88a7711a2c463a7b16eedb69a84c",
      "name": "go-1.24.3",
      "pname": "go",
      "rev": "9e83b64f727c88a7711a2c463a7b16eedb69a84c",
      "rev_count": 816272,
      "rev_date": "2025-06-17T04:31:58Z",
      "scrape_date": "2025-06-18T00:36:16.406321Z",
      "stabilities": [
        "staging",
        "unstable"
      ],
      "unfree": false,
      "version": "1.24.3",
      "outputs_to_install": [
        "out"
      ],
      "outputs": {
        "out": "/nix/store/ps3admpzmc1ryvn9q7sw5xfd94dkrb3f-go-1.24.3"
      },
      "system": "aarch64-darwin",
      "group": "toplevel",
      "priority": 5
    },
    {
      "attr_path": "go",
      "broken": false,
      "derivation": "/nix/store/isgn9dhrlr1mix3swwr5h3aws839bafc-go-1.24.3.drv",
      "description": "Go Programming language",
      "install_id": "go",
      "license": "BSD-3-Clause",
      "locked_url": "https://github.com/flox/nixpkgs?rev=9e83b64f727c88a7711a2c463a7b16eedb69a84c",
      "name": "go-1.24.3",
      "pname": "go",
      "rev": "9e83b64f727c88a7711a2c463a7b16eedb69a84c",
      "rev_count": 816272,
      "rev_date": "2025-06-17T04:31:58Z",
      "scrape_date": "2025-06-18T00:54:49.625895Z",
      "stabilities": [
        "staging",
        "unstable"
      ],
      "unfree": false,
      "version": "1.24.3",
      "outputs_to_install": [
        "out"
      ],
      "outputs": {
        "out": "/nix/store/45bnqhyyq40p91k3cjw0farx3hn1swx6-go-1.24.3"
      },
      "system": "aarch64-linux",
      "group": "toplevel",
      "priority": 5
    },
    {
      "attr_path": "go",
      "broken": false,
      "derivation": "/nix/store/jfgcva919a7bz5zr781cgar6jn6vag9s-go-1.24.3.drv",
      "description": "Go Programming language",
      "install_id": "go",
      "license": "BSD-3-Clause",
      "locked_url": "https://github.com/flox/nixpkgs?rev=9e83b64f727c88a7711a2c463a7b16eedb69a84c",
      "name": "go-1.24.3",
      "pname": "go",
      "rev": "9e83b64f727c88a7711a2c463a7b16eedb69a84c",
      "rev_count": 816272,
      "rev_date": "2025-06-17T04:31:58Z",
      "scrape_date": "2025-06-18T01:12:23.667232Z",
      "stabilities": [
        "staging",
        "unstable"
      ],
      "unfree": false,
      "version": "1.24.3",
      "outputs_to_install": [
        "out"
      ],
      "outputs": {
        "out": "/nix/store/9z2kb6hxij7pqi0fgcn9ijhpb7ajpazs-go-1.24.3"
      },
      "system": "x86_64-darwin",
      "group": "toplevel",
      "priority": 5
    },
    {
      "attr_path": "go",
      "broken": false,
      "derivation": "/nix/store/8bavsrkczap815c77n4xyvzz4y7rx0r0-go-1.24.3.drv",
      "description": "Go Programming language",
      "install_id": "go",
      "license": "BSD-3-Clause",
      "locked_url": "https://github.com/flox/nixpkgs?rev=9e83b64f727c88a7711a2c463a7b16eedb69a84c",
      "name": "go-1.24.3",
      "pname": "go",
      "rev": "9e83b64f727c88a7711a2c463a7b16eedb69a84c",
      "rev_count": 816272,
      "rev_date": "2025-06-17T04:31:58Z",
      "scrape_date": "2025-06-18T01:32:29.219901Z",
      "stabilities": [
        "staging",
        "unstable"
      ],
      "unfree": false,
      "version": "1.24.3",
      "outputs_to_install": [
        "out"
      ],
      "outputs": {
        "out": "/nix/store/5xvi25nqmbrg58aixp4zgczilfnp7pwg-go-1.24.3"
      },
      "system": "x86_64-linux",
      "group": "toplevel",
      "priority": 5
    },
    {
      "attr_path": "gum",
      "broken": false,
      "derivation": "/nix/store/9611az532yrja26hnb6knavbxdgy1yrl-gum-0.16.1.drv",
      "description": "Tasty Bubble Gum for your shell",
      "install_id": "gum",
      "license": "MIT",
      "locked_url": "https://github.com/flox/nixpkgs?rev=9e83b64f727c88a7711a2c463a7b16eedb69a84c",
      "name": "gum-0.16.1",
      "pname": "gum",
      "rev": "9e83b64f727c88a7711a2c463a7b16eedb69a84c",
      "rev_count": 816272,
      "rev_date": "2025-06-17T04:31:58Z",
      "scrape_date": "2025-06-18T00:36:16.552075Z",
      "stabilities": [
        "staging",
        "unstable"
      ],
      "unfree": false,
      "version": "0.16.1",
      "outputs_to_install": [
        "out"
      ],
      "outputs": {
        "out": "/nix/store/k3hfaznp6m5zm7436gki029amjycscfs-gum-0.16.1"
      },
      "system": "aarch64-darwin",
      "group": "toplevel",
      "priority": 5
    },
    {
      "attr_path": "gum",
      "broken": false,
      "derivation": "/nix/store/bqjky4b54ncwq9p7zad781naya87vz6n-gum-0.16.1.drv",
      "description": "Tasty Bubble Gum for your shell",
      "install_id": "gum",
      "license": "MIT",
      "locked_url": "https://github.com/flox/nixpkgs?rev=9e83b64f727c88a7711a2c463a7b16eedb69a84c",
      "name": "gum-0.16.1",
      "pname": "gum",
      "rev": "9e83b64f727c88a7711a2c463a7b16eedb69a84c",
      "rev_count": 816272,
      "rev_date": "2025-06-17T04:31:58Z",
      "scrape_date": "2025-06-18T00:54:49.885812Z",
      "stabilities": [
        "staging",
        "unstable"
      ],
      "unfree": false,
      "version": "0.16.1",
      "outputs_to_install": [
        "out"
      ],
      "outputs": {
        "out": "/nix/store/aaf6hhl897a6l2xv9jwgjsr5gwj000wl-gum-0.16.1"
      },
      "system": "aarch64-linux",
      "group": "toplevel",
      "priority": 5
    },
    {
      "attr_path": "gum",
      "broken": false,
      "derivation": "/nix/store/r5p08in9h18sy7hy0gxifnywpsdhzxph-gum-0.16.1.drv",
      "description": "Tasty Bubble Gum for your shell",
      "install_id": "gum",
      "license": "MIT",
      "locked_url": "https://github.com/flox/nixpkgs?rev=9e83b64f727c88a7711a2c463a7b16eedb69a84c",
      "name": "gum-0.16.1",
      "pname": "gum",
      "rev": "9e83b64f727c88a7711a2c463a7b16eedb69a84c",
      "rev_count": 816272,
      "rev_date": "2025-06-17T04:31:58Z",
      "scrape_date": "2025-06-18T01:12:23.817011Z",
      "stabilities": [
        "staging",
        "unstable"
      ],
      "unfree": false,
      "version": "0.16.1",
      "outputs_to_install": [
        "out"
      ],
      "outputs": {
        "out": "/nix/store/djbqwg8la91xj8qnjp0nv1brqnvv69q5-gum-0.16.1"
      },
      "system": "x86_64-darwin",
      "group": "toplevel",
      "priority": 5
    },
    {
      "attr_path": "gum",
      "broken": false,
      "derivation": "/nix/store/pzc4cj00gsfwqszfcqxk8clprmshyi74-gum-0.16.1.drv",
      "description": "Tasty Bubble Gum for your shell",
      "install_id": "gum",
      "license": "MIT",
      "locked_url": "https://github.com/flox/nixpkgs?rev=9e83b64f727c88a7711a2c463a7b16eedb69a84c",
      "name": "gum-0.16.1",
      "pname": "gum",
      "rev": "9e83b64f727c88a7711a2c463a7b16eedb69a84c",
      "rev_count": 816272,
      "rev_date": "2025-06-17T04:31:58Z",
      "scrape_date": "2025-06-18T01:32:29.505694Z",
      "stabilities": [
        "staging",
        "unstable"
      ],
      "unfree": false,
      "version": "0.16.1",
      "outputs_to_install": [
        "out"
      ],
      "outputs": {
        "out": "/nix/store/lyqs0m9rf0laldm1gfa439nd3pxpxsby-gum-0.16.1"
      },
      "system": "x86_64-linux",
      "group": "toplevel",
      "priority": 5
    },
    {
      "attr_path": "iana-etc",
      "broken": false,
      "derivation": "/nix/store/6r4aj5x4x48pfvjhzyilqynh984jxhcp-iana-etc-20250108.drv",
      "description": "IANA protocol and port number assignments (/etc/protocols and /etc/services)",
      "install_id": "iana-etc",
      "license": "MIT",
      "locked_url": "https://github.com/flox/nixpkgs?rev=9e83b64f727c88a7711a2c463a7b16eedb69a84c",
      "name": "iana-etc-20250108",
      "pname": "iana-etc",
      "rev": "9e83b64f727c88a7711a2c463a7b16eedb69a84c",
      "rev_count": 816272,
      "rev_date": "2025-06-17T04:31:58Z",
      "scrape_date": "2025-06-18T00:36:16.719701Z",
      "stabilities": [
        "staging",
        "unstable"
      ],
      "unfree": false,
      "version": "20250108",
      "outputs_to_install": [
        "out"
      ],
      "outputs": {
        "out": "/nix/store/zgcpm34m2vasc1kjw4s28fzqmnj447kr-iana-etc-20250108"
      },
      "system": "aarch64-darwin",
      "group": "toplevel",
      "priority": 5
    },
    {
      "attr_path": "iana-etc",
      "broken": false,
      "derivation": "/nix/store/lasrzdzszs4gky5gsws7nv5hmjxagcc8-iana-etc-20250108.drv",
      "description": "IANA protocol and port number assignments (/etc/protocols and /etc/services)",
      "install_id": "iana-etc",
      "license": "MIT",
      "locked_url": "https://github.com/flox/nixpkgs?rev=9e83b64f727c88a7711a2c463a7b16eedb69a84c",
      "name": "iana-etc-20250108",
      "pname": "iana-etc",
      "rev": "9e83b64f727c88a7711a2c463a7b16eedb69a84c",
      "rev_count": 816272,
      "rev_date": "2025-06-17T04:31:58Z",
      "scrape_date": "2025-06-18T00:54:50.606615Z",
      "stabilities": [
        "staging",
        "unstable"
      ],
      "unfree": false,
      "version": "20250108",
      "outputs_to_install": [
        "out"
      ],
      "outputs": {
        "out": "/nix/store/sv8ld1790hffw8j70a1zw3k5l9aji213-iana-etc-20250108"
      },
      "system": "aarch64-linux",
      "group": "toplevel",
      "priority": 5
    },
    {
      "attr_path": "iana-etc",
      "broken": false,
      "derivation": "/nix/store/yb8q8ginq97f697njlbgv983jpihj0hs-iana-etc-20250108.drv",
      "description": "IANA protocol and port number assignments (/etc/protocols and /etc/services)",
      "install_id": "iana-etc",
      "license": "MIT",
      "locked_url": "https://github.com/flox/nixpkgs?rev=9e83b64f727c88a7711a2c463a7b16eedb69a84c",
      "name": "iana-etc-20250108",
      "pname": "iana-etc",
      "rev": "9e83b64f727c88a7711a2c463a7b16eedb69a84c",
      "rev_count": 816272,
      "rev_date": "2025-06-17T04:31:58Z",
      "scrape_date": "2025-06-18T01:12:23.992034Z",
      "stabilities": [
        "staging",
        "unstable"
      ],
      "unfree": false,
      "version": "20250108",
      "outputs_to_install": [
        "out"
      ],
      "outputs": {
        "out": "/nix/store/hpg81smdpzppnj6833s8m6mxw56gp8jz-iana-etc-20250108"
      },
      "system": "x86_64-darwin",
      "group": "toplevel",
      "priority": 5
    },
    {
      "attr_path": "iana-etc",
      "broken": false,
      "derivation": "/nix/store/ixgdih9f5l3vngk4hbqpgfvnddla5z2x-iana-etc-20250108.drv",
      "description": "IANA protocol and port number assignments (/etc/protocols and /etc/services)",
      "install_id": "iana-etc",
      "license": "MIT",
      "locked_url": "https://github.com/flox/nixpkgs?rev=9e83b64f727c88a7711a2c463a7b16eedb69a84c",
      "name": "iana-etc-20250108",
      "pname": "iana-etc",
      "rev": "9e83b64f727c88a7711a2c463a7b16eedb69a84c",
      "rev_count": 816272,
      "rev_date": "2025-06-17T04:31:58Z",
      "scrape_date": "2025-06-18T01:32:30.286657Z",
      "stabilities": [
        "staging",
        "unstable"
      ],
      "unfree": false,
      "version": "20250108",
      "outputs_to_install": [
        "out"
      ],
      "outputs": {
        "out": "/nix/store/j4gc8fk7wazgn2hqnh0m8b12xx6m1n75-iana-etc-20250108"
      },
      "system": "x86_64-linux",
      "group": "toplevel",
      "priority": 5
    },
    {
      "attr_path": "mailcap",
      "broken": false,
      "derivation": "/nix/store/ql5psimy9r3h4zss02hbzhw5a1jmjdyj-mailcap-2.1.54.drv",
      "description": "Helper application and MIME type associations for file types",
      "install_id": "mailcap",
      "license": "MIT",
      "locked_url": "https://github.com/flox/nixpkgs?rev=9e83b64f727c88a7711a2c463a7b16eedb69a84c",
      "name": "mailcap-2.1.54",
      "pname": "mailcap",
      "rev": "9e83b64f727c88a7711a2c463a7b16eedb69a84c",
      "rev_count": 816272,
      "rev_date": "2025-06-17T04:31:58Z",
      "scrape_date": "2025-06-18T00:36:18.199493Z",
      "stabilities": [
        "staging",
        "unstable"
      ],
      "unfree": false,
      "version": "2.1.54",
      "outputs_to_install": [
        "out"
      ],
      "outputs": {
        "out": "/nix/store/q5db5mwc8spcx002ibmlz4w9266b7jlx-mailcap-2.1.54"
      },
      "system": "aarch64-darwin",
      "group": "toplevel",
      "priority": 5
    },
    {
      "attr_path": "mailcap",
      "broken": false,
      "derivation": "/nix/store/rii3baqb9w0g71n6n9qp6zb5pzszpmdd-mailcap-2.1.54.drv",
      "description": "Helper application and MIME type associations for file types",
      "install_id": "mailcap",
      "license": "MIT",
      "locked_url": "https://github.com/flox/nixpkgs?rev=9e83b64f727c88a7711a2c463a7b16eedb69a84c",
      "name": "mailcap-2.1.54",
      "pname": "mailcap",
      "rev": "9e83b64f727c88a7711a2c463a7b16eedb69a84c",
      "rev_count": 816272,
      "rev_date": "2025-06-17T04:31:58Z",
      "scrape_date": "2025-06-18T00:54:57.561981Z",
      "stabilities": [
        "staging",
        "unstable"
      ],
      "unfree": false,
      "version": "2.1.54",
      "outputs_to_install": [
        "out"
      ],
      "outputs": {
        "out": "/nix/store/cnfrm7vbghw44sq4y5m7ibz53fvsjf14-mailcap-2.1.54"
      },
      "system": "aarch64-linux",
      "group": "toplevel",
      "priority": 5
    },
    {
      "attr_path": "mailcap",
      "broken": false,
      "derivation": "/nix/store/j2llx8r2ilb71fp0xqfg4c097hq0fp50-mailcap-2.1.54.drv",
      "description": "Helper application and MIME type associations for file types",
      "install_id": "mailcap",
      "license": "MIT",
      "locked_url": "https://github.com/flox/nixpkgs?rev=9e83b64f727c88a7711a2c463a7b16eedb69a84c",
      "name": "mailcap-2.1.54",
      "pname": "mailcap",
      "rev": "9e83b64f727c88a7711a2c463a7b16eedb69a84c",
      "rev_count": 816272,
      "rev_date": "2025-06-17T04:31:58Z",
      "scrape_date": "2025-06-18T01:12:25.512669Z",
      "stabilities": [
        "staging",
        "unstable"
      ],
      "unfree": false,
      "version": "2.1.54",
      "outputs_to_install": [
        "out"
      ],
      "outputs": {
        "out": "/nix/store/5s4rg6bl4cj6997vf2nhpigy6iiwdj18-mailcap-2.1.54"
      },
      "system": "x86_64-darwin",
      "group": "toplevel",
      "priority": 5
    },
    {
      "attr_path": "mailcap",
      "broken": false,
      "derivation": "/nix/store/5l76vnacd269g7ns8i6v4vjwibwfpibw-mailcap-2.1.54.drv",
      "description": "Helper application and MIME type associations for file types",
      "install_id": "mailcap",
      "license": "MIT",
      "locked_url": "https://github.com/flox/nixpkgs?rev=9e83b64f727c88a7711a2c463a7b16eedb69a84c",
      "name": "mailcap-2.1.54",
      "pname": "mailcap",
      "rev": "9e83b64f727c88a7711a2c463a7b16eedb69a84c",
      "rev_count": 816272,
      "rev_date": "2025-06-17T04:31:58Z",
      "scrape_date": "2025-06-18T01:32:38.956508Z",
      "stabilities": [
        "staging",
        "unstable"
      ],
      "unfree": false,
      "version": "2.1.54",
      "outputs_to_install": [
        "out"
      ],
      "outputs": {
        "out": "/nix/store/1jj2lq1kzys105rqq5n1a2r4v59arz43-mailcap-2.1.54"
      },
      "system": "x86_64-linux",
      "group": "toplevel",
      "priority": 5
    },
    {
      "attr_path": "redis",
      "broken": false,
      "derivation": "/nix/store/afa8q74lx2ggqlfq27bpjsqglac3sy6y-redis-7.2.7.drv",
      "description": "Open source, advanced key-value store",
      "install_id": "redis",
      "license": "BSD-3-Clause",
      "locked_url": "https://github.com/flox/nixpkgs?rev=9e83b64f727c88a7711a2c463a7b16eedb69a84c",
      "name": "redis-7.2.7",
      "pname": "redis",
      "rev": "9e83b64f727c88a7711a2c463a7b16eedb69a84c",
      "rev_count": 816272,
      "rev_date": "2025-06-17T04:31:58Z",
      "scrape_date": "2025-06-18T00:36:45.321942Z",
      "stabilities": [
        "staging",
        "unstable"
      ],
      "unfree": false,
      "version": "7.2.7",
      "outputs_to_install": [
        "out"
      ],
      "outputs": {
        "out": "/nix/store/l036d84q9asf9bzq2xi5jby2m7wxcv0l-redis-7.2.7"
      },
      "system": "aarch64-darwin",
      "group": "toplevel",
      "priority": 5
    },
    {
      "attr_path": "redis",
      "broken": false,
      "derivation": "/nix/store/kz85wwafsqbjx07hgb048mmf958dnf5y-redis-7.2.7.drv",
      "description": "Open source, advanced key-value store",
      "install_id": "redis",
      "license": "BSD-3-Clause",
      "locked_url": "https://github.com/flox/nixpkgs?rev=9e83b64f727c88a7711a2c463a7b16eedb69a84c",
      "name": "redis-7.2.7",
      "pname": "redis",
      "rev": "9e83b64f727c88a7711a2c463a7b16eedb69a84c",
      "rev_count": 816272,
      "rev_date": "2025-06-17T04:31:58Z",
      "scrape_date": "2025-06-18T00:55:41.328014Z",
      "stabilities": [
        "staging",
        "unstable"
      ],
      "unfree": false,
      "version": "7.2.7",
      "outputs_to_install": [
        "out"
      ],
      "outputs": {
        "out": "/nix/store/5h4108zpin8lidq5fzk661c2h71hdkyi-redis-7.2.7"
      },
      "system": "aarch64-linux",
      "group": "toplevel",
      "priority": 5
    },
    {
      "attr_path": "redis",
      "broken": false,
      "derivation": "/nix/store/5x3ir4mbkm8viwqbqh6kspjl68whgg61-redis-7.2.7.drv",
      "description": "Open source, advanced key-value store",
      "install_id": "redis",
      "license": "BSD-3-Clause",
      "locked_url": "https://github.com/flox/nixpkgs?rev=9e83b64f727c88a7711a2c463a7b16eedb69a84c",
      "name": "redis-7.2.7",
      "pname": "redis",
      "rev": "9e83b64f727c88a7711a2c463a7b16eedb69a84c",
      "rev_count": 816272,
      "rev_date": "2025-06-17T04:31:58Z",
      "scrape_date": "2025-06-18T01:12:53.269869Z",
      "stabilities": [
        "staging",
        "unstable"
      ],
      "unfree": false,
      "version": "7.2.7",
      "outputs_to_install": [
        "out"
      ],
      "outputs": {
        "out": "/nix/store/wh6crdasw8762d7szd17xah1312wwps0-redis-7.2.7"
      },
      "system": "x86_64-darwin",
      "group": "toplevel",
      "priority": 5
    },
    {
      "attr_path": "redis",
      "broken": false,
      "derivation": "/nix/store/xvvbvx7ax2l3finxy29v3ffvlhfgb28h-redis-7.2.7.drv",
      "description": "Open source, advanced key-value store",
      "install_id": "redis",
      "license": "BSD-3-Clause",
      "locked_url": "https://github.com/flox/nixpkgs?rev=9e83b64f727c88a7711a2c463a7b16eedb69a84c",
      "name": "redis-7.2.7",
      "pname": "redis",
      "rev": "9e83b64f727c88a7711a2c463a7b16eedb69a84c",
      "rev_count": 816272,
      "rev_date": "2025-06-17T04:31:58Z",
      "scrape_date": "2025-06-18T01:33:26.210006Z",
      "stabilities": [
        "staging",
        "unstable"
      ],
      "unfree": false,
      "version": "7.2.7",
      "outputs_to_install": [
        "out"
      ],
      "outputs": {
        "out": "/nix/store/dfgshgy5ayrdkn4jsjmnq782rfpz7c1y-redis-7.2.7"
      },
      "system": "x86_64-linux",
      "group": "toplevel",
      "priority": 5
    },
    {
      "attr_path": "tzdata",
      "broken": false,
      "derivation": "/nix/store/iw374iigbdl19xykkknixgn72cx7l5hv-tzdata-2025b.drv",
      "description": "Database of current and historical time zones",
      "install_id": "tzdata",
      "license": "[ BSD-3-Clause, Public Domain ]",
      "locked_url": "https://github.com/flox/nixpkgs?rev=9e83b64f727c88a7711a2c463a7b16eedb69a84c",
      "name": "tzdata-2025b",
      "pname": "tzdata",
      "rev": "9e83b64f727c88a7711a2c463a7b16eedb69a84c",
      "rev_count": 816272,
      "rev_date": "2025-06-17T04:31:58Z",
      "scrape_date": "2025-06-18T00:37:12.480197Z",
      "stabilities": [
        "staging",
        "unstable"
      ],
      "unfree": false,
      "version": "2025b",
      "outputs_to_install": [
        "bin",
        "man"
      ],
      "outputs": {
        "bin": "/nix/store/7b543zq9zm3hgrdndif2xafmwpnd9v44-tzdata-2025b-bin",
        "dev": "/nix/store/w3kh9d9g8mg9kbrrl8hmmb058mlkzycz-tzdata-2025b-dev",
        "man": "/nix/store/ji3022zz42civ9513ilba3p0wbp2bjf6-tzdata-2025b-man",
        "out": "/nix/store/f545i7prifny24kk1zfjf3z3bg7p05zg-tzdata-2025b"
      },
      "system": "aarch64-darwin",
      "group": "toplevel",
      "priority": 5
    },
    {
      "attr_path": "tzdata",
      "broken": false,
      "derivation": "/nix/store/cjn1wz7r30s7pdll3hnsxwz5vgyn2nzm-tzdata-2025b.drv",
      "description": "Database of current and historical time zones",
      "install_id": "tzdata",
      "license": "[ BSD-3-Clause, Public Domain ]",
      "locked_url": "https://github.com/flox/nixpkgs?rev=9e83b64f727c88a7711a2c463a7b16eedb69a84c",
      "name": "tzdata-2025b",
      "pname": "tzdata",
      "rev": "9e83b64f727c88a7711a2c463a7b16eedb69a84c",
      "rev_count": 816272,
      "rev_date": "2025-06-17T04:31:58Z",
      "scrape_date": "2025-06-18T00:56:18.835982Z",
      "stabilities": [
        "staging",
        "unstable"
      ],
      "unfree": false,
      "version": "2025b",
      "outputs_to_install": [
        "bin",
        "man"
      ],
      "outputs": {
        "bin": "/nix/store/6j2z9cndprm8rdjnva86sf9hqsiq79sc-tzdata-2025b-bin",
        "dev": "/nix/store/pkhadzijdw03m7cirz8y8crvwsnf8iy1-tzdata-2025b-dev",
        "man": "/nix/store/r28jsmicwfk92i05mrb8iagcyfp0jgp1-tzdata-2025b-man",
        "out": "/nix/store/x1fic8wpbpk5f04prm946g6a07g2yxf4-tzdata-2025b"
      },
      "system": "aarch64-linux",
      "group": "toplevel",
      "priority": 5
    },
    {
      "attr_path": "tzdata",
      "broken": false,
      "derivation": "/nix/store/njfwr6myr7m6j4x6q6ji5wfhzgj7y550-tzdata-2025b.drv",
      "description": "Database of current and historical time zones",
      "install_id": "tzdata",
      "license": "[ BSD-3-Clause, Public Domain ]",
      "locked_url": "https://github.com/flox/nixpkgs?rev=9e83b64f727c88a7711a2c463a7b16eedb69a84c",
      "name": "tzdata-2025b",
      "pname": "tzdata",
      "rev": "9e83b64f727c88a7711a2c463a7b16eedb69a84c",
      "rev_count": 816272,
      "rev_date": "2025-06-17T04:31:58Z",
      "scrape_date": "2025-06-18T01:13:21.249521Z",
      "stabilities": [
        "staging",
        "unstable"
      ],
      "unfree": false,
      "version": "2025b",
      "outputs_to_install": [
        "bin",
        "man"
      ],
      "outputs": {
        "bin": "/nix/store/hl1882yqy82j6jr0vxzs76xw65b38phb-tzdata-2025b-bin",
        "dev": "/nix/store/7c4rwgq9wvc3zx9cwbz01hqi64dcm6bz-tzdata-2025b-dev",
        "man": "/nix/store/svk0zf6rkr5g2ylnf26aqdfvig3y12nz-tzdata-2025b-man",
        "out": "/nix/store/aksbfjni9x81vs0g4c1nyzbkmk89anhx-tzdata-2025b"
      },
      "system": "x86_64-darwin",
      "group": "toplevel",
      "priority": 5
    },
    {
      "attr_path": "tzdata",
      "broken": false,
      "derivation": "/nix/store/3p9xrl8radiqha6czkpakmv3r11gh1pa-tzdata-2025b.drv",
      "description": "Database of current and historical time zones",
      "install_id": "tzdata",
      "license": "[ BSD-3-Clause, Public Domain ]",
      "locked_url": "https://github.com/flox/nixpkgs?rev=9e83b64f727c88a7711a2c463a7b16eedb69a84c",
      "name": "tzdata-2025b",
      "pname": "tzdata",
      "rev": "9e83b64f727c88a7711a2c463a7b16eedb69a84c",
      "rev_count": 816272,
      "rev_date": "2025-06-17T04:31:58Z",
      "scrape_date": "2025-06-18T01:34:06.412813Z",
      "stabilities": [
        "staging",
        "unstable"
      ],
      "unfree": false,
      "version": "2025b",
      "outputs_to_install": [
        "bin",
        "man"
      ],
      "outputs": {
        "bin": "/nix/store/ap6xaihj78d8c85fpb4knfs5vqhpnv1w-tzdata-2025b-bin",
        "dev": "/nix/store/lwh5d2f7fmjg7hgrppwbn78w2aigmv08-tzdata-2025b-dev",
        "man": "/nix/store/axbh5vzavw21dcz1avs6zfw0lkmx3xmq-tzdata-2025b-man",
        "out": "/nix/store/qyihkwbhd70ynz380whj3bsxk1d2lyc4-tzdata-2025b"
      },
      "system": "x86_64-linux",
      "group": "toplevel",
      "priority": 5
    }
  ],
  "compose": {
    "composer": {
      "version": 1,
      "install": {
        "go": {
          "pkg-path": "go"
        },
        "iana-etc": {
          "pkg-path": "iana-etc"
        },
        "mailcap": {
          "pkg-path": "mailcap"
        },
        "tzdata": {
          "pkg-path": "tzdata"
        }
      },
      "options": {},
      "services": {
        "quotes-app-go": {
          "command": "go run main.go"
        }
      },
      "include": {
        "environments": [
          {
            "remote": "flox/redis"
          }
        ]
      }
    },
    "include": [
      {
        "manifest": {
          "version": 1,
          "install": {
            "gum": {
              "pkg-path": "gum"
            },
            "redis": {
              "pkg-path": "redis"
            }
          },
          "vars": {
            "REDISBIND": "127.0.0.1",
            "REDISPORT": "16379"
          },
          "hook": {
            "on-activate": "\n# XXX: https://github.com/flox/flox/issues/1341\nunset LD_AUDIT\n\nexport REDISHOME=\"$FLOX_ENV_CACHE/redis\"\nexport REDISDATA=\"$REDISHOME/data\"\nexport REDISCONFIG=\"$REDISHOME/redis.conf\"\n\nif [ ! -d \"$REDISDATA\" ]; then\n  mkdir -p \"$REDISDATA\"\nfi\n\ncat >$REDISCONFIG <<EOF\nbind $REDISBIND\nport $REDISPORT\nEOF\n\n"
          },
          "profile": {
            "common": "echo \"\"\necho \"     ╔═════════════════════════════════════╗\"\necho \"     ║                                     ║\"\necho \"     ║  Start Redis in the background:     ║\"\necho \"     ║  👉 flox services start             ║\"\necho \"     ║  👉 flox activate --start-services  ║\"\necho \"     ║                                     ║\"\necho \"     ║  Try to connect to Redis:           ║\"\necho \"     ║  👉redis-cli -p \\$REDISPORT ping     ║\"\necho \"     ║                                     ║\"\necho \"     ╚═════════════════════════════════════╝\"\necho \"\"\n"
          },
          "options": {
            "systems": [
              "aarch64-darwin",
              "aarch64-linux",
              "x86_64-darwin",
              "x86_64-linux"
            ]
          },
          "services": {
            "redis": {
              "command": "redis-server \"$REDISCONFIG\" \\\n  --daemonize no \\\n  --dir \"$REDISDATA\"\n"
            }
          }
        },
        "name": "redis",
        "descriptor": {
          "remote": "flox/redis"
        }
      }
    ],
    "warnings": []
  }
}